PODS:
  - Alamofire (4.1.0)
  - Mocker (2.2.0)
  - PryvApiSwiftKit (0.1.2):
    - Alamofire
    - Mocker

DEPENDENCIES:
  - Alamofire (~> 4.1.0)
  - Mocker
  - PryvApiSwiftKit (from `../`)

SPEC REPOS:
  trunk:
    - Alamofire
    - Mocker

EXTERNAL SOURCES:
  PryvApiSwiftKit:
    :path: "../"

SPEC CHECKSUMS:
  Alamofire: e266cf991b933498df791e645e0d8ac294492153
  Mocker: d0ceb340eddd5c28539a691ce67d068674cef9a0
  PryvApiSwiftKit: 6e12e7fbe6ae74cb047bbe3ef8a3604564b73b32

PODFILE CHECKSUM: 324acc445b648f418a501d1f70ae8a04da309d1e

COCOAPODS: 1.8.4
