PODS:
  - Alamofire (5.2.1)
  - Mocker (2.2.0)
  - PryvApiSwiftKit (0.1.2):
    - Alamofire
    - Mocker

DEPENDENCIES:
  - Alamofire
  - Mocker
  - PryvApiSwiftKit (from `../`)

SPEC REPOS:
  trunk:
    - Alamofire
    - Mocker

EXTERNAL SOURCES:
  PryvApiSwiftKit:
    :path: "../"

SPEC CHECKSUMS:
  Alamofire: e911732990610fe89af59ac0077f923d72dc3dfd
  Mocker: d0ceb340eddd5c28539a691ce67d068674cef9a0
  PryvApiSwiftKit: 6e12e7fbe6ae74cb047bbe3ef8a3604564b73b32

PODFILE CHECKSUM: d6b20154117e68eeb9f129c64a4ce9374a28d69b

COCOAPODS: 1.8.4
