PODS:
  - Mocker (2.2.0)
  - PryvApiSwiftKit (0.1.2):
    - Mocker

DEPENDENCIES:
  - Mocker
  - PryvApiSwiftKit (from `../`)

SPEC REPOS:
  trunk:
    - Mocker

EXTERNAL SOURCES:
  PryvApiSwiftKit:
    :path: "../"

SPEC CHECKSUMS:
  Mocker: d0ceb340eddd5c28539a691ce67d068674cef9a0
  PryvApiSwiftKit: d22d77f6e5b8a8eb5a7b17d103c19684167558f8

PODFILE CHECKSUM: 0b4cd15eda361d1232011281ff8cf29354a04492

COCOAPODS: 1.8.4
